// !$*UTF8*$!
{ archiveVersion = "1"; classes = {  }; objectVersion = "56"; objects = { FAC347BEF163E6CFA6FF681A = { isa = "PBXFileReference"; lastKnownFileType = "sourcecode.swift"; path = "Speedtest/Models/Insights.swift"; sourceTree = "SOURCE_ROOT"; }; ED5D214BA4F3A5D9FF1C2264 = { isa = "PBXFileReference"; lastKnownFileType = "sourcecode.swift"; path = "Speedtest/Models/Models.swift"; sourceTree = "SOURCE_ROOT"; }; 5833358A9B882B2C4AF68BCE = { isa = "PBXFileReference"; lastKnownFileType = "sourcecode.swift"; path = "Speedtest/Models/QualityScore.swift"; sourceTree = "SOURCE_ROOT"; }; 42BDBDBF62C70831BEFC5948 = { isa = "PBXFileReference"; lastKnownFileType = "sourcecode.swift"; path = "Speedtest/Services/AppStore.swift"; sourceTree = "SOURCE_ROOT"; }; EE889D8F8EBFCFA05245ACF3 = { isa = "PBXFileReference"; lastKnownFileType = "sourcecode.swift"; path = "Speedtest/Services/ContextServices.swift"; sourceTree = "SOURCE_ROOT"; }; 9F5EE5BD89C98D2002BE915E = { isa = "PBXFileReference"; lastKnownFileType = "sourcecode.swift"; path = "Speedtest/Services/SpeedtestEngine.swift"; sourceTree = "SOURCE_ROOT"; }; 7689A579119A1CD5326247D6 = { isa = "PBXFileReference"; lastKnownFileType = "sourcecode.swift"; path = "Speedtest/SpeedtestApp.swift"; sourceTree = "SOURCE_ROOT"; }; EF0BC1881A4102E6F59402D7 = { isa = "PBXFileReference"; lastKnownFileType = "sourcecode.swift"; path = "Speedtest/Views/CelebrationView.swift"; sourceTree = "SOURCE_ROOT"; }; C5257CBC791D00CBB5276863 = { isa = "PBXFileReference"; lastKnownFileType = "sourcecode.swift"; path = "Speedtest/Views/ComparisonView.swift"; sourceTree = "SOURCE_ROOT"; }; AB297A8BB14983EB5BAD0C0B = { isa = "PBXFileReference"; lastKnownFileType = "sourcecode.swift"; path = "Speedtest/Views/DashboardView.swift"; sourceTree = "SOURCE_ROOT"; }; A40F630C78F8AD2FF7A8E47D = { isa = "PBXFileReference"; lastKnownFileType = "sourcecode.swift"; path = "Speedtest/Views/DesignSystem.swift"; sourceTree = "SOURCE_ROOT"; }; 32AD9D994B5148AE83C2A6A9 = { isa = "PBXFileReference"; lastKnownFileType = "sourcecode.swift"; path = "Speedtest/Views/HistoryView.swift"; sourceTree = "SOURCE_ROOT"; }; F29BA5B32DEE908035A6A391 = { isa = "PBXFileReference"; lastKnownFileType = "sourcecode.swift"; path = "Speedtest/Views/ImportView.swift"; sourceTree = "SOURCE_ROOT"; }; AAB636254AA139FC83FD1F17 = { isa = "PBXFileReference"; lastKnownFileType = "sourcecode.swift"; path = "Speedtest/Views/InsightsView.swift"; sourceTree = "SOURCE_ROOT"; }; 8E7F2F750692BB2B40265BBB = { isa = "PBXFileReference"; lastKnownFileType = "sourcecode.swift"; path = "Speedtest/Views/QualityView.swift"; sourceTree = "SOURCE_ROOT"; }; 3F8E8644AEA2B0D5EC2AE6CC = { isa = "PBXFileReference"; lastKnownFileType = "sourcecode.swift"; path = "Speedtest/Views/ResultDetailView.swift"; sourceTree = "SOURCE_ROOT"; }; 35F1F7762339185B9893961F = { isa = "PBXFileReference"; lastKnownFileType = "sourcecode.swift"; path = "Speedtest/Views/ResultShareView.swift"; sourceTree = "SOURCE_ROOT"; }; E9730EFD8BF147406BDAF76E = { isa = "PBXFileReference"; lastKnownFileType = "sourcecode.swift"; path = "Speedtest/Views/RouterLabView.swift"; sourceTree = "SOURCE_ROOT"; }; B0996C51198B8B65FAF98B1F = { isa = "PBXFileReference"; lastKnownFileType = "sourcecode.swift"; path = "Speedtest/Views/SettingsView.swift"; sourceTree = "SOURCE_ROOT"; }; 4F510A0D1E12EFCC952CCC53 = { isa = "PBXFileReference"; lastKnownFileType = "sourcecode.swift"; path = "Speedtest/Views/SpeedometerView.swift"; sourceTree = "SOURCE_ROOT"; }; FCBB7741654F05AB28B23FB0 = { isa = "PBXFileReference"; lastKnownFileType = "sourcecode.swift"; path = "Speedtest/Views/TestMapView.swift"; sourceTree = "SOURCE_ROOT"; }; 66A54336456EBEA17AEF465C = { isa = "PBXFileReference"; lastKnownFileType = "sourcecode.swift"; path = "Speedtest/Views/VersionTwoView.swift"; sourceTree = "SOURCE_ROOT"; }; B2927E7E73E504164A7F3491 = { isa = "PBXFileReference"; lastKnownFileType = "folder.assetcatalog"; path = "Speedtest/Resources/Assets.xcassets"; sourceTree = "SOURCE_ROOT"; }; 86371E69B8A9A1C7CD5808B6 = { isa = "PBXFileReference"; lastKnownFileType = "text.xml"; path = "Speedtest/Resources/PrivacyInfo.xcprivacy"; sourceTree = "SOURCE_ROOT"; }; FCF984CC1780626863C0FB8D = { isa = "PBXFileReference"; lastKnownFileType = "text.plist.xml"; path = "Speedtest/Resources/Info.plist"; sourceTree = "SOURCE_ROOT"; }; 28712307C735B8376C3425D3 = { isa = "PBXFileReference"; lastKnownFileType = "text.plist.entitlements"; path = "Speedtest/Resources/Speedtest.entitlements"; sourceTree = "SOURCE_ROOT"; }; 9C1D24DF0844F7468F6A1C9F = { isa = "PBXFileReference"; explicitFileType = "wrapper.application"; includeInIndex = "0"; path = "Speedtest.app"; sourceTree = "BUILT_PRODUCTS_DIR"; }; 75ED1FB1BD5CF10DB0408ED5 = { isa = "XCBuildConfiguration"; name = "Debug"; buildSettings = { SWIFT_VERSION = "5.0"; IPHONEOS_DEPLOYMENT_TARGET = "17.0"; SDKROOT = "iphoneos"; CLANG_ENABLE_MODULES = "YES"; CLANG_ENABLE_OBJC_ARC = "YES"; TARGETED_DEVICE_FAMILY = "1,2"; CODE_SIGN_STYLE = "Automatic"; SWIFT_STRICT_CONCURRENCY = "targeted"; PRODUCT_NAME = "$(TARGET_NAME)"; PRODUCT_BUNDLE_IDENTIFIER = "de.robinjuhas.speedtest"; CURRENT_PROJECT_VERSION = "1"; MARKETING_VERSION = "3.0.0"; GENERATE_INFOPLIST_FILE = "NO"; LD_RUNPATH_SEARCH_PATHS = ( "$(inherited)", "@executable_path/Frameworks", "@loader_path/Frameworks", ); INFOPLIST_FILE = "Speedtest/Resources/Info.plist"; ASSETCATALOG_COMPILER_APPICON_NAME = "AppIcon"; CODE_SIGN_ENTITLEMENTS = "Speedtest/Resources/Speedtest.entitlements"; SUPPORTS_MACCATALYST = "NO"; SUPPORTS_XR_DESIGNED_FOR_IPHONE_IPAD = "NO"; SUPPORTED_PLATFORMS = "iphoneos iphonesimulator"; SWIFT_OPTIMIZATION_LEVEL = "-Onone"; DEBUG_INFORMATION_FORMAT = "dwarf"; SWIFT_ACTIVE_COMPILATION_CONDITIONS = "DEBUG"; ENABLE_TESTABILITY = "YES"; }; }; CAB7CE3CE5856EBDAA786937 = { isa = "XCBuildConfiguration"; name = "Release"; buildSettings = { SWIFT_VERSION = "5.0"; IPHONEOS_DEPLOYMENT_TARGET = "17.0"; SDKROOT = "iphoneos"; CLANG_ENABLE_MODULES = "YES"; CLANG_ENABLE_OBJC_ARC = "YES"; TARGETED_DEVICE_FAMILY = "1,2"; CODE_SIGN_STYLE = "Automatic"; SWIFT_STRICT_CONCURRENCY = "targeted"; PRODUCT_NAME = "$(TARGET_NAME)"; PRODUCT_BUNDLE_IDENTIFIER = "de.robinjuhas.speedtest"; CURRENT_PROJECT_VERSION = "1"; MARKETING_VERSION = "3.0.0"; GENERATE_INFOPLIST_FILE = "NO"; LD_RUNPATH_SEARCH_PATHS = ( "$(inherited)", "@executable_path/Frameworks", "@loader_path/Frameworks", ); INFOPLIST_FILE = "Speedtest/Resources/Info.plist"; ASSETCATALOG_COMPILER_APPICON_NAME = "AppIcon"; CODE_SIGN_ENTITLEMENTS = "Speedtest/Resources/Speedtest.entitlements"; SUPPORTS_MACCATALYST = "NO"; SUPPORTS_XR_DESIGNED_FOR_IPHONE_IPAD = "NO"; SUPPORTED_PLATFORMS = "iphoneos iphonesimulator"; SWIFT_OPTIMIZATION_LEVEL = "-O"; DEBUG_INFORMATION_FORMAT = "dwarf-with-dsym"; }; }; D294F2A44580A031C8341EB8 = { isa = "XCConfigurationList"; buildConfigurations = ( "75ED1FB1BD5CF10DB0408ED5", "CAB7CE3CE5856EBDAA786937", ); defaultConfigurationIsVisible = "0"; defaultConfigurationName = "Release"; }; 7094BED78F816B74BA75E8BF = { isa = "PBXBuildFile"; fileRef = "FAC347BEF163E6CFA6FF681A"; }; 70F4A04BBB268B3C514BB306 = { isa = "PBXBuildFile"; fileRef = "ED5D214BA4F3A5D9FF1C2264"; }; 56F6F8F57A67287E64C5A040 = { isa = "PBXBuildFile"; fileRef = "5833358A9B882B2C4AF68BCE"; }; 592592C3531A43EDFB822891 = { isa = "PBXBuildFile"; fileRef = "42BDBDBF62C70831BEFC5948"; }; 8E20B83BCD343B50114C51AF = { isa = "PBXBuildFile"; fileRef = "EE889D8F8EBFCFA05245ACF3"; }; FBC1EA45827751BDD1CFA435 = { isa = "PBXBuildFile"; fileRef = "9F5EE5BD89C98D2002BE915E"; }; 833D1A32F80CE58FEC4A875E = { isa = "PBXBuildFile"; fileRef = "7689A579119A1CD5326247D6"; }; DFED75A25FB0723992A37217 = { isa = "PBXBuildFile"; fileRef = "EF0BC1881A4102E6F59402D7"; }; CD4A769D44CDF864ED054E92 = { isa = "PBXBuildFile"; fileRef = "C5257CBC791D00CBB5276863"; }; 8E65EDC1921FC471AF2AA37B = { isa = "PBXBuildFile"; fileRef = "AB297A8BB14983EB5BAD0C0B"; }; 09E1A64B3288CB4D00E9BABF = { isa = "PBXBuildFile"; fileRef = "A40F630C78F8AD2FF7A8E47D"; }; EDB07E22BB5C095D93CE4784 = { isa = "PBXBuildFile"; fileRef = "32AD9D994B5148AE83C2A6A9"; }; BAD5C76FC29E098861A7FD5E = { isa = "PBXBuildFile"; fileRef = "F29BA5B32DEE908035A6A391"; }; 637B9BE6A16B8652A7699A47 = { isa = "PBXBuildFile"; fileRef = "AAB636254AA139FC83FD1F17"; }; AE2D72641C6D405CAF649442 = { isa = "PBXBuildFile"; fileRef = "8E7F2F750692BB2B40265BBB"; }; FD7EED69ECD228552C4D3C3A = { isa = "PBXBuildFile"; fileRef = "3F8E8644AEA2B0D5EC2AE6CC"; }; 5DE0C598128B038B93B0C50F = { isa = "PBXBuildFile"; fileRef = "35F1F7762339185B9893961F"; }; 6FDCD66BDA46E20C2E19C219 = { isa = "PBXBuildFile"; fileRef = "E9730EFD8BF147406BDAF76E"; }; 9476F4082A1E467D8BBF2DF1 = { isa = "PBXBuildFile"; fileRef = "B0996C51198B8B65FAF98B1F"; }; 6690D843FA29E8B80298F884 = { isa = "PBXBuildFile"; fileRef = "4F510A0D1E12EFCC952CCC53"; }; BEB22E125A28D50387A12F54 = { isa = "PBXBuildFile"; fileRef = "FCBB7741654F05AB28B23FB0"; }; 656A62806E3C02E2B5D728D7 = { isa = "PBXBuildFile"; fileRef = "66A54336456EBEA17AEF465C"; }; 111B6D290C0732CA244A079C = { isa = "PBXSourcesBuildPhase"; buildActionMask = "2147483647"; files = ( "7094BED78F816B74BA75E8BF", "70F4A04BBB268B3C514BB306", "56F6F8F57A67287E64C5A040", "592592C3531A43EDFB822891", "8E20B83BCD343B50114C51AF", "FBC1EA45827751BDD1CFA435", "833D1A32F80CE58FEC4A875E", "DFED75A25FB0723992A37217", "CD4A769D44CDF864ED054E92", "8E65EDC1921FC471AF2AA37B", "09E1A64B3288CB4D00E9BABF", "EDB07E22BB5C095D93CE4784", "BAD5C76FC29E098861A7FD5E", "637B9BE6A16B8652A7699A47", "AE2D72641C6D405CAF649442", "FD7EED69ECD228552C4D3C3A", "5DE0C598128B038B93B0C50F", "6FDCD66BDA46E20C2E19C219", "9476F4082A1E467D8BBF2DF1", "6690D843FA29E8B80298F884", "BEB22E125A28D50387A12F54", "656A62806E3C02E2B5D728D7", ); runOnlyForDeploymentPostprocessing = "0"; }; AA790D264EEE785B036E58E3 = { isa = "PBXFrameworksBuildPhase"; buildActionMask = "2147483647"; files = (); runOnlyForDeploymentPostprocessing = "0"; }; 270B074CE5B840C70DEB3371 = { isa = "PBXBuildFile"; fileRef = "B2927E7E73E504164A7F3491"; }; F96030D4971C125B03CAC882 = { isa = "PBXBuildFile"; fileRef = "86371E69B8A9A1C7CD5808B6"; }; 645C12FEB9C4802EB6510F4E = { isa = "PBXResourcesBuildPhase"; buildActionMask = "2147483647"; files = ( "270B074CE5B840C70DEB3371", "F96030D4971C125B03CAC882", ); runOnlyForDeploymentPostprocessing = "0"; }; 1C48F51750BD02F6FF400FC2 = { isa = "PBXNativeTarget"; name = "Speedtest"; productName = "Speedtest"; productReference = "9C1D24DF0844F7468F6A1C9F"; productType = "com.apple.product-type.application"; buildConfigurationList = "D294F2A44580A031C8341EB8"; buildPhases = ( "111B6D290C0732CA244A079C", "AA790D264EEE785B036E58E3", "645C12FEB9C4802EB6510F4E", ); buildRules = (); dependencies = (); }; 4C481C54C3A7F897D55DB647 = { isa = "PBXFileReference"; lastKnownFileType = "sourcecode.swift"; path = "Tests/SpeedtestTests.swift"; sourceTree = "SOURCE_ROOT"; }; 5AD4DE412B6CB50C8809BD1D = { isa = "PBXFileReference"; explicitFileType = "wrapper.cfbundle"; includeInIndex = "0"; path = "SpeedtestTests.xctest"; sourceTree = "BUILT_PRODUCTS_DIR"; }; 00CA55D3169662DDDAAD1026 = { isa = "PBXContainerItemProxy"; containerPortal = "98F54143AB4E86B28C3AFEE0"; proxyType = "1"; remoteGlobalIDString = "1C48F51750BD02F6FF400FC2"; remoteInfo = "Speedtest"; }; 6429F6807F1BB9E85F4D2F0A = { isa = "PBXTargetDependency"; target = "1C48F51750BD02F6FF400FC2"; targetProxy = "00CA55D3169662DDDAAD1026"; }; F650B31B3FB71A326149B14F = { isa = "XCBuildConfiguration"; name = "Debug"; buildSettings = { SWIFT_VERSION = "5.0"; IPHONEOS_DEPLOYMENT_TARGET = "17.0"; SDKROOT = "iphoneos"; CLANG_ENABLE_MODULES = "YES"; CLANG_ENABLE_OBJC_ARC = "YES"; TARGETED_DEVICE_FAMILY = "1,2"; CODE_SIGN_STYLE = "Automatic"; SWIFT_STRICT_CONCURRENCY = "targeted"; PRODUCT_NAME = "$(TARGET_NAME)"; PRODUCT_BUNDLE_IDENTIFIER = "de.robinjuhas.speedtest.SpeedtestTests"; CURRENT_PROJECT_VERSION = "1"; MARKETING_VERSION = "3.0.0"; GENERATE_INFOPLIST_FILE = "YES"; LD_RUNPATH_SEARCH_PATHS = ( "$(inherited)", "@executable_path/Frameworks", "@loader_path/Frameworks", ); TEST_HOST = "$(BUILT_PRODUCTS_DIR)/Speedtest.app/$(BUNDLE_EXECUTABLE_FOLDER_PATH)/Speedtest"; BUNDLE_LOADER = "$(TEST_HOST)"; SWIFT_OPTIMIZATION_LEVEL = "-Onone"; DEBUG_INFORMATION_FORMAT = "dwarf"; SWIFT_ACTIVE_COMPILATION_CONDITIONS = "DEBUG"; ENABLE_TESTABILITY = "YES"; }; }; 7F923D41B40A9009BAA4404F = { isa = "XCBuildConfiguration"; name = "Release"; buildSettings = { SWIFT_VERSION = "5.0"; IPHONEOS_DEPLOYMENT_TARGET = "17.0"; SDKROOT = "iphoneos"; CLANG_ENABLE_MODULES = "YES"; CLANG_ENABLE_OBJC_ARC = "YES"; TARGETED_DEVICE_FAMILY = "1,2"; CODE_SIGN_STYLE = "Automatic"; SWIFT_STRICT_CONCURRENCY = "targeted"; PRODUCT_NAME = "$(TARGET_NAME)"; PRODUCT_BUNDLE_IDENTIFIER = "de.robinjuhas.speedtest.SpeedtestTests"; CURRENT_PROJECT_VERSION = "1"; MARKETING_VERSION = "3.0.0"; GENERATE_INFOPLIST_FILE = "YES"; LD_RUNPATH_SEARCH_PATHS = ( "$(inherited)", "@executable_path/Frameworks", "@loader_path/Frameworks", ); TEST_HOST = "$(BUILT_PRODUCTS_DIR)/Speedtest.app/$(BUNDLE_EXECUTABLE_FOLDER_PATH)/Speedtest"; BUNDLE_LOADER = "$(TEST_HOST)"; SWIFT_OPTIMIZATION_LEVEL = "-O"; DEBUG_INFORMATION_FORMAT = "dwarf-with-dsym"; }; }; DC2BFCC402B450F23D332BD7 = { isa = "XCConfigurationList"; buildConfigurations = ( "F650B31B3FB71A326149B14F", "7F923D41B40A9009BAA4404F", ); defaultConfigurationIsVisible = "0"; defaultConfigurationName = "Release"; }; 2961071E9CF38AA1AA028DC4 = { isa = "PBXBuildFile"; fileRef = "4C481C54C3A7F897D55DB647"; }; BA877B88F17052B3312067DE = { isa = "PBXSourcesBuildPhase"; buildActionMask = "2147483647"; files = ( "2961071E9CF38AA1AA028DC4", ); runOnlyForDeploymentPostprocessing = "0"; }; 03758DD5A3A0F0F7A30429B5 = { isa = "PBXFrameworksBuildPhase"; buildActionMask = "2147483647"; files = (); runOnlyForDeploymentPostprocessing = "0"; }; 876FE8B81AF38D96902057F0 = { isa = "PBXResourcesBuildPhase"; buildActionMask = "2147483647"; files = (); runOnlyForDeploymentPostprocessing = "0"; }; F3E657A9BE0A1A22F5626169 = { isa = "PBXNativeTarget"; name = "SpeedtestTests"; productName = "SpeedtestTests"; productReference = "5AD4DE412B6CB50C8809BD1D"; productType = "com.apple.product-type.bundle.unit-test"; buildConfigurationList = "DC2BFCC402B450F23D332BD7"; buildPhases = ( "BA877B88F17052B3312067DE", "03758DD5A3A0F0F7A30429B5", "876FE8B81AF38D96902057F0", ); buildRules = (); dependencies = ( "6429F6807F1BB9E85F4D2F0A", ); }; DF106D1FB09BB537D6AAD0A0 = { isa = "PBXFileReference"; lastKnownFileType = "sourcecode.swift"; path = "UITests/SpeedtestUITests.swift"; sourceTree = "SOURCE_ROOT"; }; 786746B5F5C8EB961D1B62FF = { isa = "PBXFileReference"; explicitFileType = "wrapper.cfbundle"; includeInIndex = "0"; path = "SpeedtestUITests.xctest"; sourceTree = "BUILT_PRODUCTS_DIR"; }; BE0FD6261023CAF0C5A16991 = { isa = "PBXContainerItemProxy"; containerPortal = "98F54143AB4E86B28C3AFEE0"; proxyType = "1"; remoteGlobalIDString = "1C48F51750BD02F6FF400FC2"; remoteInfo = "Speedtest"; }; 126E544C104513A6FDD41B5D = { isa = "PBXTargetDependency"; target = "1C48F51750BD02F6FF400FC2"; targetProxy = "BE0FD6261023CAF0C5A16991"; }; BF445AC2B9FFF823F65C3857 = { isa = "XCBuildConfiguration"; name = "Debug"; buildSettings = { SWIFT_VERSION = "5.0"; IPHONEOS_DEPLOYMENT_TARGET = "17.0"; SDKROOT = "iphoneos"; CLANG_ENABLE_MODULES = "YES"; CLANG_ENABLE_OBJC_ARC = "YES"; TARGETED_DEVICE_FAMILY = "1,2"; CODE_SIGN_STYLE = "Automatic"; SWIFT_STRICT_CONCURRENCY = "targeted"; PRODUCT_NAME = "$(TARGET_NAME)"; PRODUCT_BUNDLE_IDENTIFIER = "de.robinjuhas.speedtest.SpeedtestUITests"; CURRENT_PROJECT_VERSION = "1"; MARKETING_VERSION = "3.0.0"; GENERATE_INFOPLIST_FILE = "YES"; LD_RUNPATH_SEARCH_PATHS = ( "$(inherited)", "@executable_path/Frameworks", "@loader_path/Frameworks", ); TEST_TARGET_NAME = "Speedtest"; SWIFT_OPTIMIZATION_LEVEL = "-Onone"; DEBUG_INFORMATION_FORMAT = "dwarf"; SWIFT_ACTIVE_COMPILATION_CONDITIONS = "DEBUG"; ENABLE_TESTABILITY = "YES"; }; }; A449700234DB6A28C8047AAB = { isa = "XCBuildConfiguration"; name = "Release"; buildSettings = { SWIFT_VERSION = "5.0"; IPHONEOS_DEPLOYMENT_TARGET = "17.0"; SDKROOT = "iphoneos"; CLANG_ENABLE_MODULES = "YES"; CLANG_ENABLE_OBJC_ARC = "YES"; TARGETED_DEVICE_FAMILY = "1,2"; CODE_SIGN_STYLE = "Automatic"; SWIFT_STRICT_CONCURRENCY = "targeted"; PRODUCT_NAME = "$(TARGET_NAME)"; PRODUCT_BUNDLE_IDENTIFIER = "de.robinjuhas.speedtest.SpeedtestUITests"; CURRENT_PROJECT_VERSION = "1"; MARKETING_VERSION = "3.0.0"; GENERATE_INFOPLIST_FILE = "YES"; LD_RUNPATH_SEARCH_PATHS = ( "$(inherited)", "@executable_path/Frameworks", "@loader_path/Frameworks", ); TEST_TARGET_NAME = "Speedtest"; SWIFT_OPTIMIZATION_LEVEL = "-O"; DEBUG_INFORMATION_FORMAT = "dwarf-with-dsym"; }; }; 6A3AE6F9BB0AD31CF4178C93 = { isa = "XCConfigurationList"; buildConfigurations = ( "BF445AC2B9FFF823F65C3857", "A449700234DB6A28C8047AAB", ); defaultConfigurationIsVisible = "0"; defaultConfigurationName = "Release"; }; 4C9D5A2E2D0A28D3DD13A262 = { isa = "PBXBuildFile"; fileRef = "DF106D1FB09BB537D6AAD0A0"; }; 60A43C17F2DC8C875BE14C18 = { isa = "PBXSourcesBuildPhase"; buildActionMask = "2147483647"; files = ( "4C9D5A2E2D0A28D3DD13A262", ); runOnlyForDeploymentPostprocessing = "0"; }; 3C6DAB97A05402884329DBF6 = { isa = "PBXFrameworksBuildPhase"; buildActionMask = "2147483647"; files = (); runOnlyForDeploymentPostprocessing = "0"; }; 8D5E6A169DC1F71C4A4A07B6 = { isa = "PBXResourcesBuildPhase"; buildActionMask = "2147483647"; files = (); runOnlyForDeploymentPostprocessing = "0"; }; 0F5BC904847284F9A61ED302 = { isa = "PBXNativeTarget"; name = "SpeedtestUITests"; productName = "SpeedtestUITests"; productReference = "786746B5F5C8EB961D1B62FF"; productType = "com.apple.product-type.bundle.ui-testing"; buildConfigurationList = "6A3AE6F9BB0AD31CF4178C93"; buildPhases = ( "60A43C17F2DC8C875BE14C18", "3C6DAB97A05402884329DBF6", "8D5E6A169DC1F71C4A4A07B6", ); buildRules = (); dependencies = ( "126E544C104513A6FDD41B5D", ); }; FBDC4F23F93125BBEEAE800C = { isa = "PBXGroup"; children = ( "9C1D24DF0844F7468F6A1C9F", "5AD4DE412B6CB50C8809BD1D", "786746B5F5C8EB961D1B62FF", ); name = "Products"; sourceTree = "<group>"; }; E50290A24C49A459B43487C5 = { isa = "PBXGroup"; children = ( "FCF984CC1780626863C0FB8D", "28712307C735B8376C3425D3", "FAC347BEF163E6CFA6FF681A", "ED5D214BA4F3A5D9FF1C2264", "5833358A9B882B2C4AF68BCE", "42BDBDBF62C70831BEFC5948", "EE889D8F8EBFCFA05245ACF3", "9F5EE5BD89C98D2002BE915E", "7689A579119A1CD5326247D6", "EF0BC1881A4102E6F59402D7", "C5257CBC791D00CBB5276863", "AB297A8BB14983EB5BAD0C0B", "A40F630C78F8AD2FF7A8E47D", "32AD9D994B5148AE83C2A6A9", "F29BA5B32DEE908035A6A391", "AAB636254AA139FC83FD1F17", "8E7F2F750692BB2B40265BBB", "3F8E8644AEA2B0D5EC2AE6CC", "35F1F7762339185B9893961F", "E9730EFD8BF147406BDAF76E", "B0996C51198B8B65FAF98B1F", "4F510A0D1E12EFCC952CCC53", "FCBB7741654F05AB28B23FB0", "66A54336456EBEA17AEF465C", "B2927E7E73E504164A7F3491", "86371E69B8A9A1C7CD5808B6", "4C481C54C3A7F897D55DB647", "DF106D1FB09BB537D6AAD0A0", "FBDC4F23F93125BBEEAE800C", ); sourceTree = "<group>"; }; 89E1FD6268CC0F221A2BE178 = { isa = "XCBuildConfiguration"; name = "Debug"; buildSettings = { SWIFT_VERSION = "5.0"; IPHONEOS_DEPLOYMENT_TARGET = "17.0"; SDKROOT = "iphoneos"; CLANG_ENABLE_MODULES = "YES"; CLANG_ENABLE_OBJC_ARC = "YES"; TARGETED_DEVICE_FAMILY = "1,2"; CODE_SIGN_STYLE = "Automatic"; SWIFT_STRICT_CONCURRENCY = "targeted"; SWIFT_OPTIMIZATION_LEVEL = "-Onone"; DEBUG_INFORMATION_FORMAT = "dwarf"; SWIFT_ACTIVE_COMPILATION_CONDITIONS = "DEBUG"; ENABLE_TESTABILITY = "YES"; }; }; E6DE6C99132752C914FEF632 = { isa = "XCBuildConfiguration"; name = "Release"; buildSettings = { SWIFT_VERSION = "5.0"; IPHONEOS_DEPLOYMENT_TARGET = "17.0"; SDKROOT = "iphoneos"; CLANG_ENABLE_MODULES = "YES"; CLANG_ENABLE_OBJC_ARC = "YES"; TARGETED_DEVICE_FAMILY = "1,2"; CODE_SIGN_STYLE = "Automatic"; SWIFT_STRICT_CONCURRENCY = "targeted"; SWIFT_OPTIMIZATION_LEVEL = "-O"; DEBUG_INFORMATION_FORMAT = "dwarf-with-dsym"; }; }; 862894B703A6DEDF96A9DD6C = { isa = "XCConfigurationList"; buildConfigurations = ( "89E1FD6268CC0F221A2BE178", "E6DE6C99132752C914FEF632", ); defaultConfigurationIsVisible = "0"; defaultConfigurationName = "Release"; }; 98F54143AB4E86B28C3AFEE0 = { isa = "PBXProject"; attributes = { BuildIndependentTargetsInParallel = "YES"; LastUpgradeCheck = "2600"; }; buildConfigurationList = "862894B703A6DEDF96A9DD6C"; compatibilityVersion = "Xcode 14.0"; developmentRegion = "de"; hasScannedForEncodings = "0"; knownRegions = ( "de", "en", "Base", ); mainGroup = "E50290A24C49A459B43487C5"; productRefGroup = "FBDC4F23F93125BBEEAE800C"; projectDirPath = ""; projectRoot = ""; targets = ( "1C48F51750BD02F6FF400FC2", "F3E657A9BE0A1A22F5626169", "0F5BC904847284F9A61ED302", ); }; }; rootObject = "98F54143AB4E86B28C3AFEE0"; }
